
Microsoft Visual Studio Solution File, Format Version 12.00
# Visual Studio Version 17
VisualStudioVersion = 17.12.35527.113 d17.12
MinimumVisualStudioVersion = 10.0.40219.1
Project("{FAE04EC0-301F-11D3-BF4B-00C04F79EFBC}") = "People", "People.csproj", "{2A66CBCA-877B-44C1-916D-E630F84A66AB}"
EndProject
Project("{FAE04EC0-301F-11D3-BF4B-00C04F79EFBC}") = "People.Data", "src\People.Data\People.Data.csproj", "{6707CA6E-9A23-4363-948B-92B9BF2A002B}"
EndProject
Project("{FAE04EC0-301F-11D3-BF4B-00C04F79EFBC}") = "People.Application", "src\People.Application\People.Application.csproj", "{47C35FBC-E8E3-41AB-91D3-0889F29FFEA9}"
	ProjectSection(ProjectDependencies) = postProject
		{6707CA6E-9A23-4363-948B-92B9BF2A002B} = {6707CA6E-9A23-4363-948B-92B9BF2A002B}
	EndProjectSection
EndProject
Global
	GlobalSection(SolutionConfigurationPlatforms) = preSolution
		Debug|Any CPU = Debug|Any CPU
		Release|Any CPU = Release|Any CPU
	EndGlobalSection
	GlobalSection(ProjectConfigurationPlatforms) = postSolution
		{2A66CBCA-877B-44C1-916D-E630F84A66AB}.Debug|Any CPU.ActiveCfg = Debug|Any CPU
		{2A66CBCA-877B-44C1-916D-E630F84A66AB}.Debug|Any CPU.Build.0 = Debug|Any CPU
		{2A66CBCA-877B-44C1-916D-E630F84A66AB}.Release|Any CPU.ActiveCfg = Release|Any CPU
		{2A66CBCA-877B-44C1-916D-E630F84A66AB}.Release|Any CPU.Build.0 = Release|Any CPU
		{6707CA6E-9A23-4363-948B-92B9BF2A002B}.Debug|Any CPU.ActiveCfg = Debug|Any CPU
		{6707CA6E-9A23-4363-948B-92B9BF2A002B}.Debug|Any CPU.Build.0 = Debug|Any CPU
		{6707CA6E-9A23-4363-948B-92B9BF2A002B}.Release|Any CPU.ActiveCfg = Release|Any CPU
		{6707CA6E-9A23-4363-948B-92B9BF2A002B}.Release|Any CPU.Build.0 = Release|Any CPU
		{47C35FBC-E8E3-41AB-91D3-0889F29FFEA9}.Debug|Any CPU.ActiveCfg = Debug|Any CPU
		{47C35FBC-E8E3-41AB-91D3-0889F29FFEA9}.Debug|Any CPU.Build.0 = Debug|Any CPU
		{47C35FBC-E8E3-41AB-91D3-0889F29FFEA9}.Release|Any CPU.ActiveCfg = Release|Any CPU
		{47C35FBC-E8E3-41AB-91D3-0889F29FFEA9}.Release|Any CPU.Build.0 = Release|Any CPU
	EndGlobalSection
	GlobalSection(SolutionProperties) = preSolution
		HideSolutionNode = FALSE
	EndGlobalSection
EndGlobal
